
Microsoft Visual Studio Solution File, Format Version 12.00
# Visual Studio Version 16
VisualStudioVersion = 16.0.32106.194
MinimumVisualStudioVersion = 10.0.40219.1
Project("{FAE04EC0-301F-11D3-BF4B-00C04F79EFBC}") = "InterfaceGrafica", "InterfaceGrafica\InterfaceGrafica.csproj", "{86E8785E-6885-4598-A047-C58929478AB8}"
EndProject
Global
	GlobalSection(SolutionConfigurationPlatforms) = preSolution
		Debug|Any CPU = Debug|Any CPU
		Release|Any CPU = Release|Any CPU
	EndGlobalSection
	GlobalSection(ProjectConfigurationPlatforms) = postSolution
		{86E8785E-6885-4598-A047-C58929478AB8}.Debug|Any CPU.ActiveCfg = Debug|Any CPU
		{86E8785E-6885-4598-A047-C58929478AB8}.Debug|Any CPU.Build.0 = Debug|Any CPU
		{86E8785E-6885-4598-A047-C58929478AB8}.Release|Any CPU.ActiveCfg = Release|Any CPU
		{86E8785E-6885-4598-A047-C58929478AB8}.Release|Any CPU.Build.0 = Release|Any CPU
	EndGlobalSection
	GlobalSection(SolutionProperties) = preSolution
		HideSolutionNode = FALSE
	EndGlobalSection
	GlobalSection(ExtensibilityGlobals) = postSolution
		SolutionGuid = {9CB91633-25DA-453F-9C9B-9B13D87F3F3F}
	EndGlobalSection
EndGlobal
